
Microsoft Visual Studio Solution File, Format Version 12.00
# Visual Studio Version 16
VisualStudioVersion = 16.0.31624.102
MinimumVisualStudioVersion = 10.0.40219.1
Project("{9A19103F-16F7-4668-BE54-9A1E7A4F7556}") = "Kubikovanie", "Kubikovanie\Kubikovanie.csproj", "{7736D293-FF22-404D-9BD2-B42976C79B2A}"
EndProject
Project("{FAE04EC0-301F-11D3-BF4B-00C04F79EFBC}") = "UnitTesty", "UnitTesty\UnitTesty.csproj", "{E76A621D-E442-4742-95D0-B8382558EE7A}"
EndProject
Global
	GlobalSection(SolutionConfigurationPlatforms) = preSolution
		Debug|Any CPU = Debug|Any CPU
		Release|Any CPU = Release|Any CPU
	EndGlobalSection
	GlobalSection(ProjectConfigurationPlatforms) = postSolution
		{7736D293-FF22-404D-9BD2-B42976C79B2A}.Debug|Any CPU.ActiveCfg = Debug|Any CPU
		{7736D293-FF22-404D-9BD2-B42976C79B2A}.Debug|Any CPU.Build.0 = Debug|Any CPU
		{7736D293-FF22-404D-9BD2-B42976C79B2A}.Release|Any CPU.ActiveCfg = Release|Any CPU
		{7736D293-FF22-404D-9BD2-B42976C79B2A}.Release|Any CPU.Build.0 = Release|Any CPU
		{E76A621D-E442-4742-95D0-B8382558EE7A}.Debug|Any CPU.ActiveCfg = Debug|Any CPU
		{E76A621D-E442-4742-95D0-B8382558EE7A}.Debug|Any CPU.Build.0 = Debug|Any CPU
		{E76A621D-E442-4742-95D0-B8382558EE7A}.Release|Any CPU.ActiveCfg = Release|Any CPU
		{E76A621D-E442-4742-95D0-B8382558EE7A}.Release|Any CPU.Build.0 = Release|Any CPU
	EndGlobalSection
	GlobalSection(SolutionProperties) = preSolution
		HideSolutionNode = FALSE
	EndGlobalSection
	GlobalSection(ExtensibilityGlobals) = postSolution
		SolutionGuid = {8D242B21-581B-427E-8468-B09D2D1F7879}
	EndGlobalSection
EndGlobal
